
Microsoft Visual Studio Solution File, Format Version 12.00
# Visual Studio Version 17
VisualStudioVersion = 17.8.34309.116
MinimumVisualStudioVersion = 10.0.40219.1
Project("{FAE04EC0-301F-11D3-BF4B-00C04F79EFBC}") = "WorkoutApp", "WorkoutApp.csproj", "{0765D8C8-0253-40AD-9FB2-347D4A7ADC34}"
EndProject
Global
	GlobalSection(SolutionConfigurationPlatforms) = preSolution
		Debug|Any CPU = Debug|Any CPU
		Release|Any CPU = Release|Any CPU
	EndGlobalSection
	GlobalSection(ProjectConfigurationPlatforms) = postSolution
		{0765D8C8-0253-40AD-9FB2-347D4A7ADC34}.Debug|Any CPU.ActiveCfg = Debug|Any CPU
		{0765D8C8-0253-40AD-9FB2-347D4A7ADC34}.Debug|Any CPU.Build.0 = Debug|Any CPU
		{0765D8C8-0253-40AD-9FB2-347D4A7ADC34}.Debug|Any CPU.Deploy.0 = Debug|Any CPU
		{0765D8C8-0253-40AD-9FB2-347D4A7ADC34}.Release|Any CPU.ActiveCfg = Release|Any CPU
		{0765D8C8-0253-40AD-9FB2-347D4A7ADC34}.Release|Any CPU.Build.0 = Release|Any CPU
		{0765D8C8-0253-40AD-9FB2-347D4A7ADC34}.Release|Any CPU.Deploy.0 = Release|Any CPU
	EndGlobalSection
	GlobalSection(SolutionProperties) = preSolution
		HideSolutionNode = FALSE
	EndGlobalSection
	GlobalSection(ExtensibilityGlobals) = postSolution
		SolutionGuid = {B608129C-FEBD-48C2-9605-58DA4543C257}
	EndGlobalSection
EndGlobal
